// !$*UTF8*$!
{
	archiveVersion = 1;
	classes = {
	};
	objectVersion = 50;
	objects = {

/* Begin PBXBuildFile section */
		4FBF5E5C263ADFA70080D6CB /* AppDelegate.swift in Sources */ = {isa = PBXBuildFile; fileRef = 4FBF5E5B263ADFA70080D6CB /* AppDelegate.swift */; };
		4FBF5E5E263ADFA70080D6CB /* SceneDelegate.swift in Sources */ = {isa = PBXBuildFile; fileRef = 4FBF5E5D263ADFA70080D6CB /* SceneDelegate.swift */; };
		4FBF5E60263ADFA70080D6CB /* IntroViewController.swift in Sources */ = {isa = PBXBuildFile; fileRef = 4FBF5E5F263ADFA70080D6CB /* IntroViewController.swift */; };
		4FBF5E63263ADFA70080D6CB /* Main.storyboard in Resources */ = {isa = PBXBuildFile; fileRef = 4FBF5E61263ADFA70080D6CB /* Main.storyboard */; };
		4FBF5E65263ADFA80080D6CB /* Assets.xcassets in Resources */ = {isa = PBXBuildFile; fileRef = 4FBF5E64263ADFA80080D6CB /* Assets.xcassets */; };
		4FBF5E68263ADFA80080D6CB /* LaunchScreen.storyboard in Resources */ = {isa = PBXBuildFile; fileRef = 4FBF5E66263ADFA80080D6CB /* LaunchScreen.storyboard */; };
		4FBF5E75263AEF740080D6CB /* QuestionViewController.swift in Sources */ = {isa = PBXBuildFile; fileRef = 4FBF5E74263AEF740080D6CB /* QuestionViewController.swift */; };
		4FBF5E78263AEF870080D6CB /* ResultsViewController.swift in Sources */ = {isa = PBXBuildFile; fileRef = 4FBF5E77263AEF870080D6CB /* ResultsViewController.swift */; };
		4FBF5E7D263B02D80080D6CB /* QuestionData.swift in Sources */ = {isa = PBXBuildFile; fileRef = 4FBF5E7C263B02D80080D6CB /* QuestionData.swift */; };
/* End PBXBuildFile section */

/* Begin PBXFileReference section */
		4FBF5E58263ADFA70080D6CB /* PersonalityQuiz.app */ = {isa = PBXFileReference; explicitFileType = wrapper.application; includeInIndex = 0; path = PersonalityQuiz.app; sourceTree = BUILT_PRODUCTS_DIR; };
		4FBF5E5B263ADFA70080D6CB /* AppDelegate.swift */ = {isa = PBXFileReference; lastKnownFileType = sourcecode.swift; path = AppDelegate.swift; sourceTree = "<group>"; };
		4FBF5E5D263ADFA70080D6CB /* SceneDelegate.swift */ = {isa = PBXFileReference; lastKnownFileType = sourcecode.swift; path = SceneDelegate.swift; sourceTree = "<group>"; };
		4FBF5E5F263ADFA70080D6CB /* IntroViewController.swift */ = {isa = PBXFileReference; lastKnownFileType = sourcecode.swift; path = IntroViewController.swift; sourceTree = "<group>"; };
		4FBF5E62263ADFA70080D6CB /* Base */ = {isa = PBXFileReference; lastKnownFileType = file.storyboard; name = Base; path = Base.lproj/Main.storyboard; sourceTree = "<group>"; };
		4FBF5E64263ADFA80080D6CB /* Assets.xcassets */ = {isa = PBXFileReference; lastKnownFileType = folder.assetcatalog; path = Assets.xcassets; sourceTree = "<group>"; };
		4FBF5E67263ADFA80080D6CB /* Base */ = {isa = PBXFileReference; lastKnownFileType = file.storyboard; name = Base; path = Base.lproj/LaunchScreen.storyboard; sourceTree = "<group>"; };
		4FBF5E69263ADFA80080D6CB /* Info.plist */ = {isa = PBXFileReference; lastKnownFileType = text.plist.xml; path = Info.plist; sourceTree = "<group>"; };
		4FBF5E74263AEF740080D6CB /* QuestionViewController.swift */ = {isa = PBXFileReference; lastKnownFileType = sourcecode.swift; path = QuestionViewController.swift; sourceTree = "<group>"; };
		4FBF5E77263AEF870080D6CB /* ResultsViewController.swift */ = {isa = PBXFileReference; lastKnownFileType = sourcecode.swift; path = ResultsViewController.swift; sourceTree = "<group>"; };
		4FBF5E7C263B02D80080D6CB /* QuestionData.swift */ = {isa = PBXFileReference; lastKnownFileType = sourcecode.swift; path = QuestionData.swift; sourceTree = "<group>"; };
/* End PBXFileReference section */

/* Begin PBXFrameworksBuildPhase section */
		4FBF5E55263ADFA70080D6CB /* Frameworks */ = {
			isa = PBXFrameworksBuildPhase;
			buildActionMask = 2147483647;
			files = (
			);
			runOnlyForDeploymentPostprocessing = 0;
		};
/* End PBXFrameworksBuildPhase section */

/* Begin PBXGroup section */
		4FBF5E4F263ADFA70080D6CB = {
			isa = PBXGroup;
			children = (
				4FBF5E5A263ADFA70080D6CB /* PersonalityQuiz */,
				4FBF5E59263ADFA70080D6CB /* Products */,
			);
			sourceTree = "<group>";
		};
		4FBF5E59263ADFA70080D6CB /* Products */ = {
			isa = PBXGroup;
			children = (
				4FBF5E58263ADFA70080D6CB /* PersonalityQuiz.app */,
			);
			name = Products;
			sourceTree = "<group>";
		};
		4FBF5E5A263ADFA70080D6CB /* PersonalityQuiz */ = {
			isa = PBXGroup;
			children = (
				4FBF5E5B263ADFA70080D6CB /* AppDelegate.swift */,
				4FBF5E5D263ADFA70080D6CB /* SceneDelegate.swift */,
				4FBF5E61263ADFA70080D6CB /* Main.storyboard */,
				4FBF5E72263AE06A0080D6CB /* Assets */,
				4FBF5E71263AE0220080D6CB /* ViewControllers */,
				4FBF5E70263AE00F0080D6CB /* Model */,
			);
			path = PersonalityQuiz;
			sourceTree = "<group>";
		};
		4FBF5E70263AE00F0080D6CB /* Model */ = {
			isa = PBXGroup;
			children = (
				4FBF5E7C263B02D80080D6CB /* QuestionData.swift */,
			);
			path = Model;
			sourceTree = "<group>";
		};
		4FBF5E71263AE0220080D6CB /* ViewControllers */ = {
			isa = PBXGroup;
			children = (
				4FBF5E74263AEF740080D6CB /* QuestionViewController.swift */,
				4FBF5E77263AEF870080D6CB /* ResultsViewController.swift */,
				4FBF5E5F263ADFA70080D6CB /* IntroViewController.swift */,
			);
			path = ViewControllers;
			sourceTree = "<group>";
		};
		4FBF5E72263AE06A0080D6CB /* Assets */ = {
			isa = PBXGroup;
			children = (
				4FBF5E64263ADFA80080D6CB /* Assets.xcassets */,
				4FBF5E66263ADFA80080D6CB /* LaunchScreen.storyboard */,
				4FBF5E69263ADFA80080D6CB /* Info.plist */,
			);
			path = Assets;
			sourceTree = "<group>";
		};
/* End PBXGroup section */

/* Begin PBXNativeTarget section */
		4FBF5E57263ADFA70080D6CB /* PersonalityQuiz */ = {
			isa = PBXNativeTarget;
			buildConfigurationList = 4FBF5E6C263ADFA80080D6CB /* Build configuration list for PBXNativeTarget "PersonalityQuiz" */;
			buildPhases = (
				4FBF5E54263ADFA70080D6CB /* Sources */,
				4FBF5E55263ADFA70080D6CB /* Frameworks */,
				4FBF5E56263ADFA70080D6CB /* Resources */,
			);
			buildRules = (
			);
			dependencies = (
			);
			name = PersonalityQuiz;
			productName = PersonalityQuiz;
			productReference = 4FBF5E58263ADFA70080D6CB /* PersonalityQuiz.app */;
			productType = "com.apple.product-type.application";
		};
/* End PBXNativeTarget section */

/* Begin PBXProject section */
		4FBF5E50263ADFA70080D6CB /* Project object */ = {
			isa = PBXProject;
			attributes = {
				LastSwiftUpdateCheck = 1240;
				LastUpgradeCheck = 1240;
				TargetAttributes = {
					4FBF5E57263ADFA70080D6CB = {
						CreatedOnToolsVersion = 12.4;
					};
				};
			};
			buildConfigurationList = 4FBF5E53263ADFA70080D6CB /* Build configuration list for PBXProject "PersonalityQuiz" */;
			compatibilityVersion = "Xcode 9.3";
			developmentRegion = en;
			hasScannedForEncodings = 0;
			knownRegions = (
				en,
				Base,
			);
			mainGroup = 4FBF5E4F263ADFA70080D6CB;
			productRefGroup = 4FBF5E59263ADFA70080D6CB /* Products */;
			projectDirPath = "";
			projectRoot = "";
			targets = (
				4FBF5E57263ADFA70080D6CB /* PersonalityQuiz */,
			);
		};
/* End PBXProject section */

/* Begin PBXResourcesBuildPhase section */
		4FBF5E56263ADFA70080D6CB /* Resources */ = {
			isa = PBXResourcesBuildPhase;
			buildActionMask = 2147483647;
			files = (
				4FBF5E68263ADFA80080D6CB /* LaunchScreen.storyboard in Resources */,
				4FBF5E65263ADFA80080D6CB /* Assets.xcassets in Resources */,
				4FBF5E63263ADFA70080D6CB /* Main.storyboard in Resources */,
			);
			runOnlyForDeploymentPostprocessing = 0;
		};
/* End PBXResourcesBuildPhase section */

/* Begin PBXSourcesBuildPhase section */
		4FBF5E54263ADFA70080D6CB /* Sources */ = {
			isa = PBXSourcesBuildPhase;
			buildActionMask = 2147483647;
			files = (
				4FBF5E60263ADFA70080D6CB /* IntroViewController.swift in Sources */,
				4FBF5E5C263ADFA70080D6CB /* AppDelegate.swift in Sources */,
				4FBF5E75263AEF740080D6CB /* QuestionViewController.swift in Sources */,
				4FBF5E7D263B02D80080D6CB /* QuestionData.swift in Sources */,
				4FBF5E78263AEF870080D6CB /* ResultsViewController.swift in Sources */,
				4FBF5E5E263ADFA70080D6CB /* SceneDelegate.swift in Sources */,
			);
			runOnlyForDeploymentPostprocessing = 0;
		};
/* End PBXSourcesBuildPhase section */

/* Begin PBXVariantGroup section */
		4FBF5E61263ADFA70080D6CB /* Main.storyboard */ = {
			isa = PBXVariantGroup;
			children = (
				4FBF5E62263ADFA70080D6CB /* Base */,
			);
			name = Main.storyboard;
			sourceTree = "<group>";
		};
		4FBF5E66263ADFA80080D6CB /* LaunchScreen.storyboard */ = {
			isa = PBXVariantGroup;
			children = (
				4FBF5E67263ADFA80080D6CB /* Base */,
			);
			name = LaunchScreen.storyboard;
			sourceTree = "<group>";
		};
/* End PBXVariantGroup section */

/* Begin XCBuildConfiguration section */
		4FBF5E6A263ADFA80080D6CB /* Debug */ = {
			isa = XCBuildConfiguration;
			buildSettings = {
				ALWAYS_SEARCH_USER_PATHS = NO;
				CLANG_ANALYZER_NONNULL = YES;
				CLANG_ANALYZER_NUMBER_OBJECT_CONVERSION = YES_AGGRESSIVE;
				CLANG_CXX_LANGUAGE_STANDARD = "gnu++14";
				CLANG_CXX_LIBRARY = "libc++";
				CLANG_ENABLE_MODULES = YES;
				CLANG_ENABLE_OBJC_ARC = YES;
				CLANG_ENABLE_OBJC_WEAK = YES;
				CLANG_WARN_BLOCK_CAPTURE_AUTORELEASING = YES;
				CLANG_WARN_BOOL_CONVERSION = YES;
				CLANG_WARN_COMMA = YES;
				CLANG_WARN_CONSTANT_CONVERSION = YES;
				CLANG_WARN_DEPRECATED_OBJC_IMPLEMENTATIONS = YES;
				CLANG_WARN_DIRECT_OBJC_ISA_USAGE = YES_ERROR;
				CLANG_WARN_DOCUMENTATION_COMMENTS = YES;
				CLANG_WARN_EMPTY_BODY = YES;
				CLANG_WARN_ENUM_CONVERSION = YES;
				CLANG_WARN_INFINITE_RECURSION = YES;
				CLANG_WARN_INT_CONVERSION = YES;
				CLANG_WARN_NON_LITERAL_NULL_CONVERSION = YES;
				CLANG_WARN_OBJC_IMPLICIT_RETAIN_SELF = YES;
				CLANG_WARN_OBJC_LITERAL_CONVERSION = YES;
				CLANG_WARN_OBJC_ROOT_CLASS = YES_ERROR;
				CLANG_WARN_QUOTED_INCLUDE_IN_FRAMEWORK_HEADER = YES;
				CLANG_WARN_RANGE_LOOP_ANALYSIS = YES;
				CLANG_WARN_STRICT_PROTOTYPES = YES;
				CLANG_WARN_SUSPICIOUS_MOVE = YES;
				CLANG_WARN_UNGUARDED_AVAILABILITY = YES_AGGRESSIVE;
				CLANG_WARN_UNREACHABLE_CODE = YES;
				CLANG_WARN__DUPLICATE_METHOD_MATCH = YES;
				COPY_PHASE_STRIP = NO;
				DEBUG_INFORMATION_FORMAT = dwarf;
				ENABLE_STRICT_OBJC_MSGSEND = YES;
				ENABLE_TESTABILITY = YES;
				GCC_C_LANGUAGE_STANDARD = gnu11;
				GCC_DYNAMIC_NO_PIC = NO;
				GCC_NO_COMMON_BLOCKS = YES;
				GCC_OPTIMIZATION_LEVEL = 0;
				GCC_PREPROCESSOR_DEFINITIONS = (
					"DEBUG=1",
					"$(inherited)",
				);
				GCC_WARN_64_TO_32_BIT_CONVERSION = YES;
				GCC_WARN_ABOUT_RETURN_TYPE = YES_ERROR;
				GCC_WARN_UNDECLARED_SELECTOR = YES;
				GCC_WARN_UNINITIALIZED_AUTOS = YES_AGGRESSIVE;
				GCC_WARN_UNUSED_FUNCTION = YES;
				GCC_WARN_UNUSED_VARIABLE = YES;
				IPHONEOS_DEPLOYMENT_TARGET = 14.4;
				MTL_ENABLE_DEBUG_INFO = INCLUDE_SOURCE;
				MTL_FAST_MATH = YES;
				ONLY_ACTIVE_ARCH = YES;
				SDKROOT = iphoneos;
				SWIFT_ACTIVE_COMPILATION_CONDITIONS = DEBUG;
				SWIFT_OPTIMIZATION_LEVEL = "-Onone";
			};
			name = Debug;
		};
		4FBF5E6B263ADFA80080D6CB /* Release */ = {
			isa = XCBuildConfiguration;
			buildSettings = {
				ALWAYS_SEARCH_USER_PATHS = NO;
				CLANG_ANALYZER_NONNULL = YES;
				CLANG_ANALYZER_NUMBER_OBJECT_CONVERSION = YES_AGGRESSIVE;
				CLANG_CXX_LANGUAGE_STANDARD = "gnu++14";
				CLANG_CXX_LIBRARY = "libc++";
				CLANG_ENABLE_MODULES = YES;
				CLANG_ENABLE_OBJC_ARC = YES;
				CLANG_ENABLE_OBJC_WEAK = YES;
				CLANG_WARN_BLOCK_CAPTURE_AUTORELEASING = YES;
				CLANG_WARN_BOOL_CONVERSION = YES;
				CLANG_WARN_COMMA = YES;
				CLANG_WARN_CONSTANT_CONVERSION = YES;
				CLANG_WARN_DEPRECATED_OBJC_IMPLEMENTATIONS = YES;
				CLANG_WARN_DIRECT_OBJC_ISA_USAGE = YES_ERROR;
				CLANG_WARN_DOCUMENTATION_COMMENTS = YES;
				CLANG_WARN_EMPTY_BODY = YES;
				CLANG_WARN_ENUM_CONVERSION = YES;
				CLANG_WARN_INFINITE_RECURSION = YES;
				CLANG_WARN_INT_CONVERSION = YES;
				CLANG_WARN_NON_LITERAL_NULL_CONVERSION = YES;
				CLANG_WARN_OBJC_IMPLICIT_RETAIN_SELF = YES;
				CLANG_WARN_OBJC_LITERAL_CONVERSION = YES;
				CLANG_WARN_OBJC_ROOT_CLASS = YES_ERROR;
				CLANG_WARN_QUOTED_INCLUDE_IN_FRAMEWORK_HEADER = YES;
				CLANG_WARN_RANGE_LOOP_ANALYSIS = YES;
				CLANG_WARN_STRICT_PROTOTYPES = YES;
				CLANG_WARN_SUSPICIOUS_MOVE = YES;
				CLANG_WARN_UNGUARDED_AVAILABILITY = YES_AGGRESSIVE;
				CLANG_WARN_UNREACHABLE_CODE = YES;
				CLANG_WARN__DUPLICATE_METHOD_MATCH = YES;
				COPY_PHASE_STRIP = NO;
				DEBUG_INFORMATION_FORMAT = "dwarf-with-dsym";
				ENABLE_NS_ASSERTIONS = NO;
				ENABLE_STRICT_OBJC_MSGSEND = YES;
				GCC_C_LANGUAGE_STANDARD = gnu11;
				GCC_NO_COMMON_BLOCKS = YES;
				GCC_WARN_64_TO_32_BIT_CONVERSION = YES;
				GCC_WARN_ABOUT_RETURN_TYPE = YES_ERROR;
				GCC_WARN_UNDECLARED_SELECTOR = YES;
				GCC_WARN_UNINITIALIZED_AUTOS = YES_AGGRESSIVE;
				GCC_WARN_UNUSED_FUNCTION = YES;
				GCC_WARN_UNUSED_VARIABLE = YES;
				IPHONEOS_DEPLOYMENT_TARGET = 14.4;
				MTL_ENABLE_DEBUG_INFO = NO;
				MTL_FAST_MATH = YES;
				SDKROOT = iphoneos;
				SWIFT_COMPILATION_MODE = wholemodule;
				SWIFT_OPTIMIZATION_LEVEL = "-O";
				VALIDATE_PRODUCT = YES;
			};
			name = Release;
		};
		4FBF5E6D263ADFA80080D6CB /* Debug */ = {
			isa = XCBuildConfiguration;
			buildSettings = {
				ASSETCATALOG_COMPILER_APPICON_NAME = AppIcon;
				ASSETCATALOG_COMPILER_GLOBAL_ACCENT_COLOR_NAME = AccentColor;
				CODE_SIGN_STYLE = Automatic;
				INFOPLIST_FILE = PersonalityQuiz/Assets/Info.plist;
				LD_RUNPATH_SEARCH_PATHS = (
					"$(inherited)",
					"@executable_path/Frameworks",
				);
				PRODUCT_BUNDLE_IDENTIFIER = com.oldstar.PersonalityQuiz;
				PRODUCT_NAME = "$(TARGET_NAME)";
				SWIFT_VERSION = 5.0;
				TARGETED_DEVICE_FAMILY = "1,2";
			};
			name = Debug;
		};
		4FBF5E6E263ADFA80080D6CB /* Release */ = {
			isa = XCBuildConfiguration;
			buildSettings = {
				ASSETCATALOG_COMPILER_APPICON_NAME = AppIcon;
				ASSETCATALOG_COMPILER_GLOBAL_ACCENT_COLOR_NAME = AccentColor;
				CODE_SIGN_STYLE = Automatic;
				INFOPLIST_FILE = PersonalityQuiz/Assets/Info.plist;
				LD_RUNPATH_SEARCH_PATHS = (
					"$(inherited)",
					"@executable_path/Frameworks",
				);
				PRODUCT_BUNDLE_IDENTIFIER = com.oldstar.PersonalityQuiz;
				PRODUCT_NAME = "$(TARGET_NAME)";
				SWIFT_VERSION = 5.0;
				TARGETED_DEVICE_FAMILY = "1,2";
			};
			name = Release;
		};
/* End XCBuildConfiguration section */

/* Begin XCConfigurationList section */
		4FBF5E53263ADFA70080D6CB /* Build configuration list for PBXProject "PersonalityQuiz" */ = {
			isa = XCConfigurationList;
			buildConfigurations = (
				4FBF5E6A263ADFA80080D6CB /* Debug */,
				4FBF5E6B263ADFA80080D6CB /* Release */,
			);
			defaultConfigurationIsVisible = 0;
			defaultConfigurationName = Release;
		};
		4FBF5E6C263ADFA80080D6CB /* Build configuration list for PBXNativeTarget "PersonalityQuiz" */ = {
			isa = XCConfigurationList;
			buildConfigurations = (
				4FBF5E6D263ADFA80080D6CB /* Debug */,
				4FBF5E6E263ADFA80080D6CB /* Release */,
			);
			defaultConfigurationIsVisible = 0;
			defaultConfigurationName = Release;
		};
/* End XCConfigurationList section */
	};
	rootObject = 4FBF5E50263ADFA70080D6CB /* Project object */;
}
